
Microsoft Visual Studio Solution File, Format Version 12.00
# Visual Studio Version 17
VisualStudioVersion = 17.3.32901.215
MinimumVisualStudioVersion = 10.0.40219.1
Project("{FAE04EC0-301F-11D3-BF4B-00C04F79EFBC}") = "MiniräknareUppgift", "MiniräknareUppgift\MiniräknareUppgift.csproj", "{5F6631E6-E5F5-4E60-B251-DD8AE835CAC8}"
EndProject
Global
	GlobalSection(SolutionConfigurationPlatforms) = preSolution
		Debug|Any CPU = Debug|Any CPU
		Release|Any CPU = Release|Any CPU
	EndGlobalSection
	GlobalSection(ProjectConfigurationPlatforms) = postSolution
		{5F6631E6-E5F5-4E60-B251-DD8AE835CAC8}.Debug|Any CPU.ActiveCfg = Debug|Any CPU
		{5F6631E6-E5F5-4E60-B251-DD8AE835CAC8}.Debug|Any CPU.Build.0 = Debug|Any CPU
		{5F6631E6-E5F5-4E60-B251-DD8AE835CAC8}.Release|Any CPU.ActiveCfg = Release|Any CPU
		{5F6631E6-E5F5-4E60-B251-DD8AE835CAC8}.Release|Any CPU.Build.0 = Release|Any CPU
	EndGlobalSection
	GlobalSection(SolutionProperties) = preSolution
		HideSolutionNode = FALSE
	EndGlobalSection
	GlobalSection(ExtensibilityGlobals) = postSolution
		SolutionGuid = {D85C35DB-EEA4-479A-9BE9-BCF5C34DAD45}
	EndGlobalSection
EndGlobal
